
Microsoft Visual Studio Solution File, Format Version 12.00
# Visual Studio 14
VisualStudioVersion = 14.0.23107.0
MinimumVisualStudioVersion = 10.0.40219.1
Project("{FAE04EC0-301F-11D3-BF4B-00C04F79EFBC}") = "WebApplicationWebFormsTry", "WebApplicationWebFormsTry\WebApplicationWebFormsTry.csproj", "{986AE65E-3DFB-431B-9481-049F2F252B6F}"
EndProject
Project("{FAE04EC0-301F-11D3-BF4B-00C04F79EFBC}") = "ProductsApp", "ProductsApp\ProductsApp.csproj", "{AA3614A9-F55D-405E-8B60-8A16B1A62D92}"
EndProject
Project("{8BB2217D-0F2D-49D1-97BC-3654ED321F3B}") = "MovieAngularJSApp_ASP5", "WebApplication1\MovieAngularJSApp_ASP5.xproj", "{4B1C4468-8308-4542-8F99-4A2555A4BCF5}"
EndProject
Project("{2150E333-8FDC-42A3-9474-1A3956D46DE8}") = "Solution Items", "Solution Items", "{36A927F2-5E1A-44FF-805E-32D37818855C}"
	ProjectSection(SolutionItems) = preProject
		global.json = global.json
	EndProjectSection
EndProject
Project("{FAE04EC0-301F-11D3-BF4B-00C04F79EFBC}") = "MovieAngularJSApp2_.NET45", "MovieAngularJSApp2\MovieAngularJSApp2_.NET45.csproj", "{2F7ADF8D-14B5-4293-96BF-32D3C051E8CC}"
EndProject
Global
	GlobalSection(SolutionConfigurationPlatforms) = preSolution
		Debug|Any CPU = Debug|Any CPU
		Release|Any CPU = Release|Any CPU
	EndGlobalSection
	GlobalSection(ProjectConfigurationPlatforms) = postSolution
		{986AE65E-3DFB-431B-9481-049F2F252B6F}.Debug|Any CPU.ActiveCfg = Debug|Any CPU
		{986AE65E-3DFB-431B-9481-049F2F252B6F}.Debug|Any CPU.Build.0 = Debug|Any CPU
		{986AE65E-3DFB-431B-9481-049F2F252B6F}.Release|Any CPU.ActiveCfg = Release|Any CPU
		{986AE65E-3DFB-431B-9481-049F2F252B6F}.Release|Any CPU.Build.0 = Release|Any CPU
		{AA3614A9-F55D-405E-8B60-8A16B1A62D92}.Debug|Any CPU.ActiveCfg = Debug|Any CPU
		{AA3614A9-F55D-405E-8B60-8A16B1A62D92}.Debug|Any CPU.Build.0 = Debug|Any CPU
		{AA3614A9-F55D-405E-8B60-8A16B1A62D92}.Release|Any CPU.ActiveCfg = Release|Any CPU
		{AA3614A9-F55D-405E-8B60-8A16B1A62D92}.Release|Any CPU.Build.0 = Release|Any CPU
		{4B1C4468-8308-4542-8F99-4A2555A4BCF5}.Debug|Any CPU.ActiveCfg = Debug|Any CPU
		{4B1C4468-8308-4542-8F99-4A2555A4BCF5}.Debug|Any CPU.Build.0 = Debug|Any CPU
		{4B1C4468-8308-4542-8F99-4A2555A4BCF5}.Release|Any CPU.ActiveCfg = Release|Any CPU
		{4B1C4468-8308-4542-8F99-4A2555A4BCF5}.Release|Any CPU.Build.0 = Release|Any CPU
		{2F7ADF8D-14B5-4293-96BF-32D3C051E8CC}.Debug|Any CPU.ActiveCfg = Debug|Any CPU
		{2F7ADF8D-14B5-4293-96BF-32D3C051E8CC}.Debug|Any CPU.Build.0 = Debug|Any CPU
		{2F7ADF8D-14B5-4293-96BF-32D3C051E8CC}.Release|Any CPU.ActiveCfg = Release|Any CPU
		{2F7ADF8D-14B5-4293-96BF-32D3C051E8CC}.Release|Any CPU.Build.0 = Release|Any CPU
	EndGlobalSection
	GlobalSection(SolutionProperties) = preSolution
		HideSolutionNode = FALSE
	EndGlobalSection
EndGlobal
